{
  "name": "firstconsumer",
  "version": "1.0.0",
  "lockfileVersion": 1,
  "requires": true,
  "dependencies": {
    "firstclould-firstlib": {
      "version": "1.0.0",
      "resolved": "https://registry.npmjs.org/firstclould-firstlib/-/firstclould-firstlib-1.0.0.tgz",
      "integrity": "sha512-e3MnqfTH4Y7kD3wT1nSjXrmSgeO+GQA2InYBus7qMDSbHID52n0Q41JXWarniJ+j09v97FNBgp3c0067+vMxvQ=="
    }
  }
}
